
Microsoft Visual Studio Solution File, Format Version 12.00
# Visual Studio Version 17
VisualStudioVersion = 17.13.35825.156 d17.13
MinimumVisualStudioVersion = 10.0.40219.1
Project("{FAE04EC0-301F-11D3-BF4B-00C04F79EFBC}") = "DataStructure-1", "DataStructure-1.csproj", "{17F15AAE-EE6D-4019-88F0-0C6429E92F17}"
EndProject
Global
	GlobalSection(SolutionConfigurationPlatforms) = preSolution
		Debug|Any CPU = Debug|Any CPU
		Release|Any CPU = Release|Any CPU
	EndGlobalSection
	GlobalSection(ProjectConfigurationPlatforms) = postSolution
		{17F15AAE-EE6D-4019-88F0-0C6429E92F17}.Debug|Any CPU.ActiveCfg = Debug|Any CPU
		{17F15AAE-EE6D-4019-88F0-0C6429E92F17}.Debug|Any CPU.Build.0 = Debug|Any CPU
		{17F15AAE-EE6D-4019-88F0-0C6429E92F17}.Release|Any CPU.ActiveCfg = Release|Any CPU
		{17F15AAE-EE6D-4019-88F0-0C6429E92F17}.Release|Any CPU.Build.0 = Release|Any CPU
	EndGlobalSection
	GlobalSection(SolutionProperties) = preSolution
		HideSolutionNode = FALSE
	EndGlobalSection
	GlobalSection(ExtensibilityGlobals) = postSolution
		SolutionGuid = {F01B5862-F9A8-4B95-9F72-ADDC011064B0}
	EndGlobalSection
EndGlobal
